{
  "success": true,
  "originalQuery": "Technical analysis on Shiba Inu and Dogecoin",
  "synonymGeneration": {
    "synonymsUsed": ["Dogecoin technical analysis July 2025", "Shiba Inu chart patterns"],
    "processingTime": 1200,
    "totalQueries": 7
  },
  "searchResults": {
    "totalResults": 15,
    "scrapedCount": 12,
    "relevantCount": 8
  },
  "finalAnalysis": "comprehensive analysis text...",
  "cost": 0.0045,
  "processingTime": 8500,
  "timestamp": "2025-01-19T..."
}